{
  "name": "ngx-nebular-wrapper",
  "version": "0.0.1",
  "lockfileVersion": 1,
  "requires": true,
  "dependencies": {
    "@nebular/eva-icons": {
      "version": "9.0.3",
      "resolved": "https://registry.npmjs.org/@nebular/eva-icons/-/eva-icons-9.0.3.tgz",
      "integrity": "sha512-aFvMcpyobHCviZKiQx4U3eH/zcj/WkgPuDX1XBDs5RVotlgZ4fcAWql/KbS26W74i6n8rUec6I9EkzxXBU9psw==",
      "requires": {
        "tslib": "^2.3.0"
      }
    },
    "@nebular/theme": {
      "version": "9.0.3",
      "resolved": "https://registry.npmjs.org/@nebular/theme/-/theme-9.0.3.tgz",
      "integrity": "sha512-ILUfVkpTeVBg5H3Pr/HKnItdFEIXfHfYO2HJA07mhavuKw0gupYw2v6Ox+nxoww8VTXz8svLKTIta7YYBcpjzg==",
      "requires": {
        "tslib": "^2.3.0"
      }
    },
    "tslib": {
      "version": "2.4.0",
      "resolved": "https://registry.npmjs.org/tslib/-/tslib-2.4.0.tgz",
      "integrity": "sha512-d6xOpEDfsi2CZVlPQzGeux8XMwLT9hssAsaPYExaQMuYskwb+x1x7J371tWlbBdWHroy99KnVB6qIkUbs5X3UQ=="
    }
  }
}
